
Microsoft Visual Studio Solution File, Format Version 12.00
# Visual Studio Version 17
VisualStudioVersion = 17.12.35209.166
MinimumVisualStudioVersion = 10.0.40219.1
Project("{2150E333-8FDC-42A3-9474-1A3956D46DE8}") = "Services", "Services", "{1F987D9F-B00A-4869-9999-8DD952AED6F0}"
EndProject
Project("{2150E333-8FDC-42A3-9474-1A3956D46DE8}") = "Catalog", "Catalog", "{880573D3-F8E8-49D2-87D4-3424ECA6FDF6}"
EndProject
Project("{9A19103F-16F7-4668-BE54-9A1E7A4F7556}") = "Catalog.API", "Services\Catalog\Catalog.API\Catalog.API.csproj", "{E20748F0-CE4A-4247-8457-0882D6AB3C61}"
EndProject
Project("{2150E333-8FDC-42A3-9474-1A3956D46DE8}") = "BuildingBlocks", "BuildingBlocks", "{56717A96-5596-4D7F-BB88-89FB0CD6E46A}"
EndProject
Project("{9A19103F-16F7-4668-BE54-9A1E7A4F7556}") = "BuildingBlocks", "BuildingBlocks\BuildingBlocks\BuildingBlocks.csproj", "{754E38B9-7BE2-4D6D-BE5A-A38FC6BB7C5B}"
EndProject
Project("{E53339B2-1760-4266-BCC7-CA923CBCF16C}") = "docker-compose", "docker-compose.dcproj", "{6EB40694-D5ED-4AAC-9218-EDC0A5EEDA13}"
EndProject
Project("{2150E333-8FDC-42A3-9474-1A3956D46DE8}") = "Basket", "Basket", "{F8E4E2EC-6080-460C-93D0-90B8EAA0B2CE}"
EndProject
Project("{9A19103F-16F7-4668-BE54-9A1E7A4F7556}") = "Basket.API", "Services\Basket\Basket.API\Basket.API.csproj", "{D97816C2-4497-4E30-828F-E3E8C4BAE52A}"
EndProject
Project("{2150E333-8FDC-42A3-9474-1A3956D46DE8}") = "Discount", "Discount", "{117A3F36-9D19-4349-9436-584726641350}"
EndProject
Project("{FAE04EC0-301F-11D3-BF4B-00C04F79EFBC}") = "Discount.Grpc", "Services\Discount\Discount.Grpc\Discount.Grpc.csproj", "{6D48854F-4461-42AB-9666-A37FD3128214}"
EndProject
Project("{2150E333-8FDC-42A3-9474-1A3956D46DE8}") = "Ordering", "Ordering", "{320788D1-7D0F-444C-BB6E-21B9B2B3074C}"
EndProject
Project("{FAE04EC0-301F-11D3-BF4B-00C04F79EFBC}") = "Ordering.API", "Services\Ordering\Ordering.API\Ordering.API.csproj", "{99280904-E9A8-4D9D-B794-3552EFD045CD}"
EndProject
Project("{FAE04EC0-301F-11D3-BF4B-00C04F79EFBC}") = "Ordering.Domain", "Services\Ordering\Ordering.Domain\Ordering.Domain.csproj", "{EF5C34D1-E5BB-4830-B505-DE93C1A2D5C1}"
EndProject
Project("{FAE04EC0-301F-11D3-BF4B-00C04F79EFBC}") = "Ordering.Application", "Services\Ordering\Ordering.Application\Ordering.Application.csproj", "{FD760665-05E5-4C00-AE75-AD40171A0CF5}"
EndProject
Project("{FAE04EC0-301F-11D3-BF4B-00C04F79EFBC}") = "Ordering.Infraestructure", "Services\Ordering\Ordering.Infraestructure\Ordering.Infraestructure.csproj", "{736F4D19-1777-4CA1-9D25-FFE5A5F48B9A}"
EndProject
Project("{FAE04EC0-301F-11D3-BF4B-00C04F79EFBC}") = "BuildingBlocks.Messaging", "BuildingBlocks\BuildingBlocks.Messaging\BuildingBlocks.Messaging.csproj", "{6B080C10-E526-4C1B-AE0F-D9D328C73C12}"
EndProject
Project("{2150E333-8FDC-42A3-9474-1A3956D46DE8}") = "ApiGateWays", "ApiGateWays", "{02EA681E-C7D8-13C7-8484-4AC65E1B71E8}"
EndProject
Project("{FAE04EC0-301F-11D3-BF4B-00C04F79EFBC}") = "YarpApiGateway", "ApiGateways\YarpApiGateway\YarpApiGateway.csproj", "{45A1B4E3-D447-4A07-9D02-419C58EE661F}"
EndProject
Project("{2150E333-8FDC-42A3-9474-1A3956D46DE8}") = "WebApps", "WebApps", "{7CA7498E-F609-481C-B774-EC0E7C1E9703}"
EndProject
Project("{FAE04EC0-301F-11D3-BF4B-00C04F79EFBC}") = "Shopping.Web", "WebApps\Shopping.Web\Shopping.Web.csproj", "{CDB8ABD5-0F32-4739-8C55-2C1E16E23EB8}"
EndProject
Global
	GlobalSection(SolutionConfigurationPlatforms) = preSolution
		Debug|Any CPU = Debug|Any CPU
		Release|Any CPU = Release|Any CPU
	EndGlobalSection
	GlobalSection(ProjectConfigurationPlatforms) = postSolution
		{E20748F0-CE4A-4247-8457-0882D6AB3C61}.Debug|Any CPU.ActiveCfg = Debug|Any CPU
		{E20748F0-CE4A-4247-8457-0882D6AB3C61}.Debug|Any CPU.Build.0 = Debug|Any CPU
		{E20748F0-CE4A-4247-8457-0882D6AB3C61}.Release|Any CPU.ActiveCfg = Release|Any CPU
		{E20748F0-CE4A-4247-8457-0882D6AB3C61}.Release|Any CPU.Build.0 = Release|Any CPU
		{754E38B9-7BE2-4D6D-BE5A-A38FC6BB7C5B}.Debug|Any CPU.ActiveCfg = Debug|Any CPU
		{754E38B9-7BE2-4D6D-BE5A-A38FC6BB7C5B}.Debug|Any CPU.Build.0 = Debug|Any CPU
		{754E38B9-7BE2-4D6D-BE5A-A38FC6BB7C5B}.Release|Any CPU.ActiveCfg = Release|Any CPU
		{754E38B9-7BE2-4D6D-BE5A-A38FC6BB7C5B}.Release|Any CPU.Build.0 = Release|Any CPU
		{6EB40694-D5ED-4AAC-9218-EDC0A5EEDA13}.Debug|Any CPU.ActiveCfg = Debug|Any CPU
		{6EB40694-D5ED-4AAC-9218-EDC0A5EEDA13}.Debug|Any CPU.Build.0 = Debug|Any CPU
		{6EB40694-D5ED-4AAC-9218-EDC0A5EEDA13}.Release|Any CPU.ActiveCfg = Release|Any CPU
		{6EB40694-D5ED-4AAC-9218-EDC0A5EEDA13}.Release|Any CPU.Build.0 = Release|Any CPU
		{D97816C2-4497-4E30-828F-E3E8C4BAE52A}.Debug|Any CPU.ActiveCfg = Debug|Any CPU
		{D97816C2-4497-4E30-828F-E3E8C4BAE52A}.Debug|Any CPU.Build.0 = Debug|Any CPU
		{D97816C2-4497-4E30-828F-E3E8C4BAE52A}.Release|Any CPU.ActiveCfg = Release|Any CPU
		{D97816C2-4497-4E30-828F-E3E8C4BAE52A}.Release|Any CPU.Build.0 = Release|Any CPU
		{6D48854F-4461-42AB-9666-A37FD3128214}.Debug|Any CPU.ActiveCfg = Debug|Any CPU
		{6D48854F-4461-42AB-9666-A37FD3128214}.Debug|Any CPU.Build.0 = Debug|Any CPU
		{6D48854F-4461-42AB-9666-A37FD3128214}.Release|Any CPU.ActiveCfg = Release|Any CPU
		{6D48854F-4461-42AB-9666-A37FD3128214}.Release|Any CPU.Build.0 = Release|Any CPU
		{99280904-E9A8-4D9D-B794-3552EFD045CD}.Debug|Any CPU.ActiveCfg = Debug|Any CPU
		{99280904-E9A8-4D9D-B794-3552EFD045CD}.Debug|Any CPU.Build.0 = Debug|Any CPU
		{99280904-E9A8-4D9D-B794-3552EFD045CD}.Release|Any CPU.ActiveCfg = Release|Any CPU
		{99280904-E9A8-4D9D-B794-3552EFD045CD}.Release|Any CPU.Build.0 = Release|Any CPU
		{EF5C34D1-E5BB-4830-B505-DE93C1A2D5C1}.Debug|Any CPU.ActiveCfg = Debug|Any CPU
		{EF5C34D1-E5BB-4830-B505-DE93C1A2D5C1}.Debug|Any CPU.Build.0 = Debug|Any CPU
		{EF5C34D1-E5BB-4830-B505-DE93C1A2D5C1}.Release|Any CPU.ActiveCfg = Release|Any CPU
		{EF5C34D1-E5BB-4830-B505-DE93C1A2D5C1}.Release|Any CPU.Build.0 = Release|Any CPU
		{FD760665-05E5-4C00-AE75-AD40171A0CF5}.Debug|Any CPU.ActiveCfg = Debug|Any CPU
		{FD760665-05E5-4C00-AE75-AD40171A0CF5}.Debug|Any CPU.Build.0 = Debug|Any CPU
		{FD760665-05E5-4C00-AE75-AD40171A0CF5}.Release|Any CPU.ActiveCfg = Release|Any CPU
		{FD760665-05E5-4C00-AE75-AD40171A0CF5}.Release|Any CPU.Build.0 = Release|Any CPU
		{736F4D19-1777-4CA1-9D25-FFE5A5F48B9A}.Debug|Any CPU.ActiveCfg = Debug|Any CPU
		{736F4D19-1777-4CA1-9D25-FFE5A5F48B9A}.Debug|Any CPU.Build.0 = Debug|Any CPU
		{736F4D19-1777-4CA1-9D25-FFE5A5F48B9A}.Release|Any CPU.ActiveCfg = Release|Any CPU
		{736F4D19-1777-4CA1-9D25-FFE5A5F48B9A}.Release|Any CPU.Build.0 = Release|Any CPU
		{6B080C10-E526-4C1B-AE0F-D9D328C73C12}.Debug|Any CPU.ActiveCfg = Debug|Any CPU
		{6B080C10-E526-4C1B-AE0F-D9D328C73C12}.Debug|Any CPU.Build.0 = Debug|Any CPU
		{6B080C10-E526-4C1B-AE0F-D9D328C73C12}.Release|Any CPU.ActiveCfg = Release|Any CPU
		{6B080C10-E526-4C1B-AE0F-D9D328C73C12}.Release|Any CPU.Build.0 = Release|Any CPU
		{45A1B4E3-D447-4A07-9D02-419C58EE661F}.Debug|Any CPU.ActiveCfg = Debug|Any CPU
		{45A1B4E3-D447-4A07-9D02-419C58EE661F}.Debug|Any CPU.Build.0 = Debug|Any CPU
		{45A1B4E3-D447-4A07-9D02-419C58EE661F}.Release|Any CPU.ActiveCfg = Release|Any CPU
		{45A1B4E3-D447-4A07-9D02-419C58EE661F}.Release|Any CPU.Build.0 = Release|Any CPU
		{CDB8ABD5-0F32-4739-8C55-2C1E16E23EB8}.Debug|Any CPU.ActiveCfg = Debug|Any CPU
		{CDB8ABD5-0F32-4739-8C55-2C1E16E23EB8}.Debug|Any CPU.Build.0 = Debug|Any CPU
		{CDB8ABD5-0F32-4739-8C55-2C1E16E23EB8}.Release|Any CPU.ActiveCfg = Release|Any CPU
		{CDB8ABD5-0F32-4739-8C55-2C1E16E23EB8}.Release|Any CPU.Build.0 = Release|Any CPU
	EndGlobalSection
	GlobalSection(SolutionProperties) = preSolution
		HideSolutionNode = FALSE
	EndGlobalSection
	GlobalSection(NestedProjects) = preSolution
		{880573D3-F8E8-49D2-87D4-3424ECA6FDF6} = {1F987D9F-B00A-4869-9999-8DD952AED6F0}
		{E20748F0-CE4A-4247-8457-0882D6AB3C61} = {880573D3-F8E8-49D2-87D4-3424ECA6FDF6}
		{754E38B9-7BE2-4D6D-BE5A-A38FC6BB7C5B} = {56717A96-5596-4D7F-BB88-89FB0CD6E46A}
		{F8E4E2EC-6080-460C-93D0-90B8EAA0B2CE} = {1F987D9F-B00A-4869-9999-8DD952AED6F0}
		{D97816C2-4497-4E30-828F-E3E8C4BAE52A} = {F8E4E2EC-6080-460C-93D0-90B8EAA0B2CE}
		{117A3F36-9D19-4349-9436-584726641350} = {1F987D9F-B00A-4869-9999-8DD952AED6F0}
		{6D48854F-4461-42AB-9666-A37FD3128214} = {117A3F36-9D19-4349-9436-584726641350}
		{320788D1-7D0F-444C-BB6E-21B9B2B3074C} = {1F987D9F-B00A-4869-9999-8DD952AED6F0}
		{99280904-E9A8-4D9D-B794-3552EFD045CD} = {320788D1-7D0F-444C-BB6E-21B9B2B3074C}
		{EF5C34D1-E5BB-4830-B505-DE93C1A2D5C1} = {320788D1-7D0F-444C-BB6E-21B9B2B3074C}
		{FD760665-05E5-4C00-AE75-AD40171A0CF5} = {320788D1-7D0F-444C-BB6E-21B9B2B3074C}
		{736F4D19-1777-4CA1-9D25-FFE5A5F48B9A} = {320788D1-7D0F-444C-BB6E-21B9B2B3074C}
		{6B080C10-E526-4C1B-AE0F-D9D328C73C12} = {56717A96-5596-4D7F-BB88-89FB0CD6E46A}
		{45A1B4E3-D447-4A07-9D02-419C58EE661F} = {02EA681E-C7D8-13C7-8484-4AC65E1B71E8}
		{CDB8ABD5-0F32-4739-8C55-2C1E16E23EB8} = {7CA7498E-F609-481C-B774-EC0E7C1E9703}
	EndGlobalSection
	GlobalSection(ExtensibilityGlobals) = postSolution
		SolutionGuid = {7DDFB1BF-A43B-4AB7-A794-B7F51A2AA7A5}
	EndGlobalSection
EndGlobal
